// !$*UTF8*$!
{
	archiveVersion = 1;
	classes = {
	};
	objectVersion = 50;
	objects = {

/* Begin PBXBuildFile section */
		D6029EA2226BC145008E66F1 /* AppDelegate.swift in Sources */ = {isa = PBXBuildFile; fileRef = D6029EA1226BC145008E66F1 /* AppDelegate.swift */; };
		D6029EA4226BC145008E66F1 /* ViewController.swift in Sources */ = {isa = PBXBuildFile; fileRef = D6029EA3226BC145008E66F1 /* ViewController.swift */; };
		D6029EA7226BC145008E66F1 /* Main.storyboard in Resources */ = {isa = PBXBuildFile; fileRef = D6029EA5226BC145008E66F1 /* Main.storyboard */; };
		D6029EA9226BC146008E66F1 /* Assets.xcassets in Resources */ = {isa = PBXBuildFile; fileRef = D6029EA8226BC146008E66F1 /* Assets.xcassets */; };
		D6029EAC226BC146008E66F1 /* LaunchScreen.storyboard in Resources */ = {isa = PBXBuildFile; fileRef = D6029EAA226BC146008E66F1 /* LaunchScreen.storyboard */; };
		D6029EB6226BE80D008E66F1 /* ProductTableViewCell.swift in Sources */ = {isa = PBXBuildFile; fileRef = D6029EB5226BE80D008E66F1 /* ProductTableViewCell.swift */; };
		D6029EB8226BF7EF008E66F1 /* Product.swift in Sources */ = {isa = PBXBuildFile; fileRef = D6029EB7226BF7EF008E66F1 /* Product.swift */; };
		D6029EBA226C0693008E66F1 /* Banner.swift in Sources */ = {isa = PBXBuildFile; fileRef = D6029EB9226C0693008E66F1 /* Banner.swift */; };
		D6029EBE226C0747008E66F1 /* BannerCollectionViewCell.swift in Sources */ = {isa = PBXBuildFile; fileRef = D6029EBD226C0747008E66F1 /* BannerCollectionViewCell.swift */; };
		D6519DC12272981400CBD920 /* ProductInCart.swift in Sources */ = {isa = PBXBuildFile; fileRef = D6519DC02272981400CBD920 /* ProductInCart.swift */; };
		D6519DC3227A9D3100CBD920 /* ProductInCartCollectionViewCell.swift in Sources */ = {isa = PBXBuildFile; fileRef = D6519DC2227A9D3100CBD920 /* ProductInCartCollectionViewCell.swift */; };
		D66EECF2226CC0D80034B6B6 /* CheckoutViewController.swift in Sources */ = {isa = PBXBuildFile; fileRef = D66EECF1226CC0D80034B6B6 /* CheckoutViewController.swift */; };
/* End PBXBuildFile section */

/* Begin PBXFileReference section */
		D6029E9E226BC145008E66F1 /* eCommerceApp.app */ = {isa = PBXFileReference; explicitFileType = wrapper.application; includeInIndex = 0; path = eCommerceApp.app; sourceTree = BUILT_PRODUCTS_DIR; };
		D6029EA1226BC145008E66F1 /* AppDelegate.swift */ = {isa = PBXFileReference; lastKnownFileType = sourcecode.swift; path = AppDelegate.swift; sourceTree = "<group>"; };
		D6029EA3226BC145008E66F1 /* ViewController.swift */ = {isa = PBXFileReference; lastKnownFileType = sourcecode.swift; path = ViewController.swift; sourceTree = "<group>"; };
		D6029EA6226BC145008E66F1 /* Base */ = {isa = PBXFileReference; lastKnownFileType = file.storyboard; name = Base; path = Base.lproj/Main.storyboard; sourceTree = "<group>"; };
		D6029EA8226BC146008E66F1 /* Assets.xcassets */ = {isa = PBXFileReference; lastKnownFileType = folder.assetcatalog; path = Assets.xcassets; sourceTree = "<group>"; };
		D6029EAB226BC146008E66F1 /* Base */ = {isa = PBXFileReference; lastKnownFileType = file.storyboard; name = Base; path = Base.lproj/LaunchScreen.storyboard; sourceTree = "<group>"; };
		D6029EAD226BC146008E66F1 /* Info.plist */ = {isa = PBXFileReference; lastKnownFileType = text.plist.xml; path = Info.plist; sourceTree = "<group>"; };
		D6029EB5226BE80D008E66F1 /* ProductTableViewCell.swift */ = {isa = PBXFileReference; lastKnownFileType = sourcecode.swift; path = ProductTableViewCell.swift; sourceTree = "<group>"; };
		D6029EB7226BF7EF008E66F1 /* Product.swift */ = {isa = PBXFileReference; lastKnownFileType = sourcecode.swift; path = Product.swift; sourceTree = "<group>"; };
		D6029EB9226C0693008E66F1 /* Banner.swift */ = {isa = PBXFileReference; lastKnownFileType = sourcecode.swift; path = Banner.swift; sourceTree = "<group>"; };
		D6029EBD226C0747008E66F1 /* BannerCollectionViewCell.swift */ = {isa = PBXFileReference; lastKnownFileType = sourcecode.swift; path = BannerCollectionViewCell.swift; sourceTree = "<group>"; };
		D6519DC02272981400CBD920 /* ProductInCart.swift */ = {isa = PBXFileReference; lastKnownFileType = sourcecode.swift; path = ProductInCart.swift; sourceTree = "<group>"; };
		D6519DC2227A9D3100CBD920 /* ProductInCartCollectionViewCell.swift */ = {isa = PBXFileReference; lastKnownFileType = sourcecode.swift; path = ProductInCartCollectionViewCell.swift; sourceTree = "<group>"; };
		D66EECF1226CC0D80034B6B6 /* CheckoutViewController.swift */ = {isa = PBXFileReference; lastKnownFileType = sourcecode.swift; path = CheckoutViewController.swift; sourceTree = "<group>"; };
/* End PBXFileReference section */

/* Begin PBXFrameworksBuildPhase section */
		D6029E9B226BC145008E66F1 /* Frameworks */ = {
			isa = PBXFrameworksBuildPhase;
			buildActionMask = 2147483647;
			files = (
			);
			runOnlyForDeploymentPostprocessing = 0;
		};
/* End PBXFrameworksBuildPhase section */

/* Begin PBXGroup section */
		D6029E95226BC145008E66F1 = {
			isa = PBXGroup;
			children = (
				D6029EA0226BC145008E66F1 /* eCommerceApp */,
				D6029E9F226BC145008E66F1 /* Products */,
			);
			sourceTree = "<group>";
		};
		D6029E9F226BC145008E66F1 /* Products */ = {
			isa = PBXGroup;
			children = (
				D6029E9E226BC145008E66F1 /* eCommerceApp.app */,
			);
			name = Products;
			sourceTree = "<group>";
		};
		D6029EA0226BC145008E66F1 /* eCommerceApp */ = {
			isa = PBXGroup;
			children = (
				D6029EA1226BC145008E66F1 /* AppDelegate.swift */,
				D6029EB9226C0693008E66F1 /* Banner.swift */,
				D6029EBD226C0747008E66F1 /* BannerCollectionViewCell.swift */,
				D6029EB7226BF7EF008E66F1 /* Product.swift */,
				D6029EB5226BE80D008E66F1 /* ProductTableViewCell.swift */,
				D6029EA3226BC145008E66F1 /* ViewController.swift */,
				D6519DC02272981400CBD920 /* ProductInCart.swift */,
				D6519DC2227A9D3100CBD920 /* ProductInCartCollectionViewCell.swift */,
				D66EECF1226CC0D80034B6B6 /* CheckoutViewController.swift */,
				D6029EA5226BC145008E66F1 /* Main.storyboard */,
				D6029EA8226BC146008E66F1 /* Assets.xcassets */,
				D6029EAA226BC146008E66F1 /* LaunchScreen.storyboard */,
				D6029EAD226BC146008E66F1 /* Info.plist */,
			);
			path = eCommerceApp;
			sourceTree = "<group>";
		};
/* End PBXGroup section */

/* Begin PBXNativeTarget section */
		D6029E9D226BC145008E66F1 /* eCommerceApp */ = {
			isa = PBXNativeTarget;
			buildConfigurationList = D6029EB0226BC146008E66F1 /* Build configuration list for PBXNativeTarget "eCommerceApp" */;
			buildPhases = (
				D6029E9A226BC145008E66F1 /* Sources */,
				D6029E9B226BC145008E66F1 /* Frameworks */,
				D6029E9C226BC145008E66F1 /* Resources */,
			);
			buildRules = (
			);
			dependencies = (
			);
			name = eCommerceApp;
			productName = eCommerceApp;
			productReference = D6029E9E226BC145008E66F1 /* eCommerceApp.app */;
			productType = "com.apple.product-type.application";
		};
/* End PBXNativeTarget section */

/* Begin PBXProject section */
		D6029E96226BC145008E66F1 /* Project object */ = {
			isa = PBXProject;
			attributes = {
				LastSwiftUpdateCheck = 1020;
				LastUpgradeCheck = 1020;
				ORGANIZATIONNAME = "Patricia Benitez";
				TargetAttributes = {
					D6029E9D226BC145008E66F1 = {
						CreatedOnToolsVersion = 10.2.1;
					};
				};
			};
			buildConfigurationList = D6029E99226BC145008E66F1 /* Build configuration list for PBXProject "eCommerceApp" */;
			compatibilityVersion = "Xcode 9.3";
			developmentRegion = en;
			hasScannedForEncodings = 0;
			knownRegions = (
				en,
				Base,
			);
			mainGroup = D6029E95226BC145008E66F1;
			productRefGroup = D6029E9F226BC145008E66F1 /* Products */;
			projectDirPath = "";
			projectRoot = "";
			targets = (
				D6029E9D226BC145008E66F1 /* eCommerceApp */,
			);
		};
/* End PBXProject section */

/* Begin PBXResourcesBuildPhase section */
		D6029E9C226BC145008E66F1 /* Resources */ = {
			isa = PBXResourcesBuildPhase;
			buildActionMask = 2147483647;
			files = (
				D6029EAC226BC146008E66F1 /* LaunchScreen.storyboard in Resources */,
				D6029EA9226BC146008E66F1 /* Assets.xcassets in Resources */,
				D6029EA7226BC145008E66F1 /* Main.storyboard in Resources */,
			);
			runOnlyForDeploymentPostprocessing = 0;
		};
/* End PBXResourcesBuildPhase section */

/* Begin PBXSourcesBuildPhase section */
		D6029E9A226BC145008E66F1 /* Sources */ = {
			isa = PBXSourcesBuildPhase;
			buildActionMask = 2147483647;
			files = (
				D6519DC12272981400CBD920 /* ProductInCart.swift in Sources */,
				D6029EBE226C0747008E66F1 /* BannerCollectionViewCell.swift in Sources */,
				D6029EA4226BC145008E66F1 /* ViewController.swift in Sources */,
				D6029EB8226BF7EF008E66F1 /* Product.swift in Sources */,
				D6519DC3227A9D3100CBD920 /* ProductInCartCollectionViewCell.swift in Sources */,
				D6029EBA226C0693008E66F1 /* Banner.swift in Sources */,
				D6029EA2226BC145008E66F1 /* AppDelegate.swift in Sources */,
				D6029EB6226BE80D008E66F1 /* ProductTableViewCell.swift in Sources */,
				D66EECF2226CC0D80034B6B6 /* CheckoutViewController.swift in Sources */,
			);
			runOnlyForDeploymentPostprocessing = 0;
		};
/* End PBXSourcesBuildPhase section */

/* Begin PBXVariantGroup section */
		D6029EA5226BC145008E66F1 /* Main.storyboard */ = {
			isa = PBXVariantGroup;
			children = (
				D6029EA6226BC145008E66F1 /* Base */,
			);
			name = Main.storyboard;
			sourceTree = "<group>";
		};
		D6029EAA226BC146008E66F1 /* LaunchScreen.storyboard */ = {
			isa = PBXVariantGroup;
			children = (
				D6029EAB226BC146008E66F1 /* Base */,
			);
			name = LaunchScreen.storyboard;
			sourceTree = "<group>";
		};
/* End PBXVariantGroup section */

/* Begin XCBuildConfiguration section */
		D6029EAE226BC146008E66F1 /* Debug */ = {
			isa = XCBuildConfiguration;
			buildSettings = {
				ALWAYS_SEARCH_USER_PATHS = NO;
				CLANG_ANALYZER_NONNULL = YES;
				CLANG_ANALYZER_NUMBER_OBJECT_CONVERSION = YES_AGGRESSIVE;
				CLANG_CXX_LANGUAGE_STANDARD = "gnu++14";
				CLANG_CXX_LIBRARY = "libc++";
				CLANG_ENABLE_MODULES = YES;
				CLANG_ENABLE_OBJC_ARC = YES;
				CLANG_ENABLE_OBJC_WEAK = YES;
				CLANG_WARN_BLOCK_CAPTURE_AUTORELEASING = YES;
				CLANG_WARN_BOOL_CONVERSION = YES;
				CLANG_WARN_COMMA = YES;
				CLANG_WARN_CONSTANT_CONVERSION = YES;
				CLANG_WARN_DEPRECATED_OBJC_IMPLEMENTATIONS = YES;
				CLANG_WARN_DIRECT_OBJC_ISA_USAGE = YES_ERROR;
				CLANG_WARN_DOCUMENTATION_COMMENTS = YES;
				CLANG_WARN_EMPTY_BODY = YES;
				CLANG_WARN_ENUM_CONVERSION = YES;
				CLANG_WARN_INFINITE_RECURSION = YES;
				CLANG_WARN_INT_CONVERSION = YES;
				CLANG_WARN_NON_LITERAL_NULL_CONVERSION = YES;
				CLANG_WARN_OBJC_IMPLICIT_RETAIN_SELF = YES;
				CLANG_WARN_OBJC_LITERAL_CONVERSION = YES;
				CLANG_WARN_OBJC_ROOT_CLASS = YES_ERROR;
				CLANG_WARN_RANGE_LOOP_ANALYSIS = YES;
				CLANG_WARN_STRICT_PROTOTYPES = YES;
				CLANG_WARN_SUSPICIOUS_MOVE = YES;
				CLANG_WARN_UNGUARDED_AVAILABILITY = YES_AGGRESSIVE;
				CLANG_WARN_UNREACHABLE_CODE = YES;
				CLANG_WARN__DUPLICATE_METHOD_MATCH = YES;
				CODE_SIGN_IDENTITY = "iPhone Developer";
				COPY_PHASE_STRIP = NO;
				DEBUG_INFORMATION_FORMAT = dwarf;
				ENABLE_STRICT_OBJC_MSGSEND = YES;
				ENABLE_TESTABILITY = YES;
				GCC_C_LANGUAGE_STANDARD = gnu11;
				GCC_DYNAMIC_NO_PIC = NO;
				GCC_NO_COMMON_BLOCKS = YES;
				GCC_OPTIMIZATION_LEVEL = 0;
				GCC_PREPROCESSOR_DEFINITIONS = (
					"DEBUG=1",
					"$(inherited)",
				);
				GCC_WARN_64_TO_32_BIT_CONVERSION = YES;
				GCC_WARN_ABOUT_RETURN_TYPE = YES_ERROR;
				GCC_WARN_UNDECLARED_SELECTOR = YES;
				GCC_WARN_UNINITIALIZED_AUTOS = YES_AGGRESSIVE;
				GCC_WARN_UNUSED_FUNCTION = YES;
				GCC_WARN_UNUSED_VARIABLE = YES;
				IPHONEOS_DEPLOYMENT_TARGET = 12.2;
				MTL_ENABLE_DEBUG_INFO = INCLUDE_SOURCE;
				MTL_FAST_MATH = YES;
				ONLY_ACTIVE_ARCH = YES;
				SDKROOT = iphoneos;
				SWIFT_ACTIVE_COMPILATION_CONDITIONS = DEBUG;
				SWIFT_OPTIMIZATION_LEVEL = "-Onone";
			};
			name = Debug;
		};
		D6029EAF226BC146008E66F1 /* Release */ = {
			isa = XCBuildConfiguration;
			buildSettings = {
				ALWAYS_SEARCH_USER_PATHS = NO;
				CLANG_ANALYZER_NONNULL = YES;
				CLANG_ANALYZER_NUMBER_OBJECT_CONVERSION = YES_AGGRESSIVE;
				CLANG_CXX_LANGUAGE_STANDARD = "gnu++14";
				CLANG_CXX_LIBRARY = "libc++";
				CLANG_ENABLE_MODULES = YES;
				CLANG_ENABLE_OBJC_ARC = YES;
				CLANG_ENABLE_OBJC_WEAK = YES;
				CLANG_WARN_BLOCK_CAPTURE_AUTORELEASING = YES;
				CLANG_WARN_BOOL_CONVERSION = YES;
				CLANG_WARN_COMMA = YES;
				CLANG_WARN_CONSTANT_CONVERSION = YES;
				CLANG_WARN_DEPRECATED_OBJC_IMPLEMENTATIONS = YES;
				CLANG_WARN_DIRECT_OBJC_ISA_USAGE = YES_ERROR;
				CLANG_WARN_DOCUMENTATION_COMMENTS = YES;
				CLANG_WARN_EMPTY_BODY = YES;
				CLANG_WARN_ENUM_CONVERSION = YES;
				CLANG_WARN_INFINITE_RECURSION = YES;
				CLANG_WARN_INT_CONVERSION = YES;
				CLANG_WARN_NON_LITERAL_NULL_CONVERSION = YES;
				CLANG_WARN_OBJC_IMPLICIT_RETAIN_SELF = YES;
				CLANG_WARN_OBJC_LITERAL_CONVERSION = YES;
				CLANG_WARN_OBJC_ROOT_CLASS = YES_ERROR;
				CLANG_WARN_RANGE_LOOP_ANALYSIS = YES;
				CLANG_WARN_STRICT_PROTOTYPES = YES;
				CLANG_WARN_SUSPICIOUS_MOVE = YES;
				CLANG_WARN_UNGUARDED_AVAILABILITY = YES_AGGRESSIVE;
				CLANG_WARN_UNREACHABLE_CODE = YES;
				CLANG_WARN__DUPLICATE_METHOD_MATCH = YES;
				CODE_SIGN_IDENTITY = "iPhone Developer";
				COPY_PHASE_STRIP = NO;
				DEBUG_INFORMATION_FORMAT = "dwarf-with-dsym";
				ENABLE_NS_ASSERTIONS = NO;
				ENABLE_STRICT_OBJC_MSGSEND = YES;
				GCC_C_LANGUAGE_STANDARD = gnu11;
				GCC_NO_COMMON_BLOCKS = YES;
				GCC_WARN_64_TO_32_BIT_CONVERSION = YES;
				GCC_WARN_ABOUT_RETURN_TYPE = YES_ERROR;
				GCC_WARN_UNDECLARED_SELECTOR = YES;
				GCC_WARN_UNINITIALIZED_AUTOS = YES_AGGRESSIVE;
				GCC_WARN_UNUSED_FUNCTION = YES;
				GCC_WARN_UNUSED_VARIABLE = YES;
				IPHONEOS_DEPLOYMENT_TARGET = 12.2;
				MTL_ENABLE_DEBUG_INFO = NO;
				MTL_FAST_MATH = YES;
				SDKROOT = iphoneos;
				SWIFT_COMPILATION_MODE = wholemodule;
				SWIFT_OPTIMIZATION_LEVEL = "-O";
				VALIDATE_PRODUCT = YES;
			};
			name = Release;
		};
		D6029EB1226BC146008E66F1 /* Debug */ = {
			isa = XCBuildConfiguration;
			buildSettings = {
				ASSETCATALOG_COMPILER_APPICON_NAME = AppIcon;
				CODE_SIGN_STYLE = Automatic;
				INFOPLIST_FILE = eCommerceApp/Info.plist;
				LD_RUNPATH_SEARCH_PATHS = (
					"$(inherited)",
					"@executable_path/Frameworks",
				);
				PRODUCT_BUNDLE_IDENTIFIER = UCU.eCommerceApp;
				PRODUCT_NAME = "$(TARGET_NAME)";
				SWIFT_VERSION = 5.0;
				TARGETED_DEVICE_FAMILY = "1,2";
			};
			name = Debug;
		};
		D6029EB2226BC146008E66F1 /* Release */ = {
			isa = XCBuildConfiguration;
			buildSettings = {
				ASSETCATALOG_COMPILER_APPICON_NAME = AppIcon;
				CODE_SIGN_STYLE = Automatic;
				INFOPLIST_FILE = eCommerceApp/Info.plist;
				LD_RUNPATH_SEARCH_PATHS = (
					"$(inherited)",
					"@executable_path/Frameworks",
				);
				PRODUCT_BUNDLE_IDENTIFIER = UCU.eCommerceApp;
				PRODUCT_NAME = "$(TARGET_NAME)";
				SWIFT_VERSION = 5.0;
				TARGETED_DEVICE_FAMILY = "1,2";
			};
			name = Release;
		};
/* End XCBuildConfiguration section */

/* Begin XCConfigurationList section */
		D6029E99226BC145008E66F1 /* Build configuration list for PBXProject "eCommerceApp" */ = {
			isa = XCConfigurationList;
			buildConfigurations = (
				D6029EAE226BC146008E66F1 /* Debug */,
				D6029EAF226BC146008E66F1 /* Release */,
			);
			defaultConfigurationIsVisible = 0;
			defaultConfigurationName = Release;
		};
		D6029EB0226BC146008E66F1 /* Build configuration list for PBXNativeTarget "eCommerceApp" */ = {
			isa = XCConfigurationList;
			buildConfigurations = (
				D6029EB1226BC146008E66F1 /* Debug */,
				D6029EB2226BC146008E66F1 /* Release */,
			);
			defaultConfigurationIsVisible = 0;
			defaultConfigurationName = Release;
		};
/* End XCConfigurationList section */
	};
	rootObject = D6029E96226BC145008E66F1 /* Project object */;
}
